{
  "lockfile_version": "1",
  "packages": {
    "go-task@3.37.2": {
      "last_modified": "2024-07-07T16:08:25Z",
      "resolved": "github:NixOS/nixpkgs/ab82a9612aa45284d4adf69ee81871a389669a9e#go-task",
      "source": "devbox-search",
      "version": "3.37.2",
      "systems": {
        "aarch64-darwin": {
          "outputs": [
            {
              "name": "out",
              "path": "/nix/store/xq6m7rhgagxnpfbnjg6m8kqwc4whnimd-go-task-3.37.2",
              "default": true
            }
          ],
          "store_path": "/nix/store/xq6m7rhgagxnpfbnjg6m8kqwc4whnimd-go-task-3.37.2"
        },
        "aarch64-linux": {
          "outputs": [
            {
              "name": "out",
              "path": "/nix/store/j3ja2ypq9vm4wd69bcbzsrr2k76x0q19-go-task-3.37.2",
              "default": true
            }
          ],
          "store_path": "/nix/store/j3ja2ypq9vm4wd69bcbzsrr2k76x0q19-go-task-3.37.2"
        },
        "x86_64-darwin": {
          "outputs": [
            {
              "name": "out",
              "path": "/nix/store/5cv3lqfsk5xryj3s6rqr88yccbq94lrm-go-task-3.37.2",
              "default": true
            }
          ],
          "store_path": "/nix/store/5cv3lqfsk5xryj3s6rqr88yccbq94lrm-go-task-3.37.2"
        },
        "x86_64-linux": {
          "outputs": [
            {
              "name": "out",
              "path": "/nix/store/ydm4d2h14wci2k5xiam51w61w0npq5nj-go-task-3.37.2",
              "default": true
            }
          ],
          "store_path": "/nix/store/ydm4d2h14wci2k5xiam51w61w0npq5nj-go-task-3.37.2"
        }
      }
    },
    "go@1.22.5": {
      "last_modified": "2024-07-07T16:08:25Z",
      "resolved": "github:NixOS/nixpkgs/ab82a9612aa45284d4adf69ee81871a389669a9e#go",
      "source": "devbox-search",
      "version": "1.22.5",
      "systems": {
        "aarch64-darwin": {
          "outputs": [
            {
              "name": "out",
              "path": "/nix/store/05saqcgidraqmn4z82prsp7rbj9hjmwm-go-1.22.5",
              "default": true
            }
          ],
          "store_path": "/nix/store/05saqcgidraqmn4z82prsp7rbj9hjmwm-go-1.22.5"
        },
        "aarch64-linux": {
          "outputs": [
            {
              "name": "out",
              "path": "/nix/store/b97bbxn6kpysysxb8nxn4k39ffxmp4p6-go-1.22.5",
              "default": true
            }
          ],
          "store_path": "/nix/store/b97bbxn6kpysysxb8nxn4k39ffxmp4p6-go-1.22.5"
        },
        "x86_64-darwin": {
          "outputs": [
            {
              "name": "out",
              "path": "/nix/store/gdyii59c48s4a8q6w584ccgm95qls3lh-go-1.22.5",
              "default": true
            }
          ],
          "store_path": "/nix/store/gdyii59c48s4a8q6w584ccgm95qls3lh-go-1.22.5"
        },
        "x86_64-linux": {
          "outputs": [
            {
              "name": "out",
              "path": "/nix/store/3v17dij8rvg7q99009swxg52995r7s22-go-1.22.5",
              "default": true
            }
          ],
          "store_path": "/nix/store/3v17dij8rvg7q99009swxg52995r7s22-go-1.22.5"
        }
      }
    },
    "golangci-lint@1.59.1": {
      "last_modified": "2024-07-07T16:08:25Z",
      "resolved": "github:NixOS/nixpkgs/ab82a9612aa45284d4adf69ee81871a389669a9e#golangci-lint",
      "source": "devbox-search",
      "version": "1.59.1",
      "systems": {
        "aarch64-darwin": {
          "outputs": [
            {
              "name": "out",
              "path": "/nix/store/80cn62vqs99adkpvjv5qmv9nvkahcy0s-golangci-lint-1.59.1",
              "default": true
            }
          ],
          "store_path": "/nix/store/80cn62vqs99adkpvjv5qmv9nvkahcy0s-golangci-lint-1.59.1"
        },
        "aarch64-linux": {
          "outputs": [
            {
              "name": "out",
              "path": "/nix/store/f91hm1xlmjy5y18lavfn9889azxam4mp-golangci-lint-1.59.1",
              "default": true
            }
          ],
          "store_path": "/nix/store/f91hm1xlmjy5y18lavfn9889azxam4mp-golangci-lint-1.59.1"
        },
        "x86_64-darwin": {
          "outputs": [
            {
              "name": "out",
              "path": "/nix/store/pn0lpm53xffqvdfd72n4mfn8ja4kmf1h-golangci-lint-1.59.1",
              "default": true
            }
          ],
          "store_path": "/nix/store/pn0lpm53xffqvdfd72n4mfn8ja4kmf1h-golangci-lint-1.59.1"
        },
        "x86_64-linux": {
          "outputs": [
            {
              "name": "out",
              "path": "/nix/store/fx4p42sdx70hzpzsl71r5zwh8az0p74a-golangci-lint-1.59.1",
              "default": true
            }
          ],
          "store_path": "/nix/store/fx4p42sdx70hzpzsl71r5zwh8az0p74a-golangci-lint-1.59.1"
        }
      }
    }
  }
}
